
Microsoft Visual Studio Solution File, Format Version 12.00
# Visual Studio Version 16
VisualStudioVersion = 16.0.33130.400
MinimumVisualStudioVersion = 10.0.40219.1
Project("{8BC9CEB8-8B4A-11D0-8D11-00A0C91BC942}") = "Projekt PSIO", "Projekt PSIO\Projekt PSIO.vcxproj", "{C335D073-6E3E-4630-9A09-32E419CFA957}"
EndProject
Global
	GlobalSection(SolutionConfigurationPlatforms) = preSolution
		Debug|x64 = Debug|x64
		Debug|x86 = Debug|x86
		Release|x64 = Release|x64
		Release|x86 = Release|x86
	EndGlobalSection
	GlobalSection(ProjectConfigurationPlatforms) = postSolution
		{C335D073-6E3E-4630-9A09-32E419CFA957}.Debug|x64.ActiveCfg = Debug|x64
		{C335D073-6E3E-4630-9A09-32E419CFA957}.Debug|x64.Build.0 = Debug|x64
		{C335D073-6E3E-4630-9A09-32E419CFA957}.Debug|x86.ActiveCfg = Debug|Win32
		{C335D073-6E3E-4630-9A09-32E419CFA957}.Debug|x86.Build.0 = Debug|Win32
		{C335D073-6E3E-4630-9A09-32E419CFA957}.Release|x64.ActiveCfg = Release|x64
		{C335D073-6E3E-4630-9A09-32E419CFA957}.Release|x64.Build.0 = Release|x64
		{C335D073-6E3E-4630-9A09-32E419CFA957}.Release|x86.ActiveCfg = Release|Win32
		{C335D073-6E3E-4630-9A09-32E419CFA957}.Release|x86.Build.0 = Release|Win32
	EndGlobalSection
	GlobalSection(SolutionProperties) = preSolution
		HideSolutionNode = FALSE
	EndGlobalSection
	GlobalSection(ExtensibilityGlobals) = postSolution
		SolutionGuid = {4EFF2014-4E34-4FBA-A290-D4B2FB75BCEB}
	EndGlobalSection
EndGlobal
